// !$*UTF8*$!
{
	archiveVersion = 1;
	classes = {
	};
	objectVersion = 46;
	objects = {

/* Begin PBXBuildFile section */
		E3821B821CF4B3780054117E /* AppDelegate.swift in Sources */ = {isa = PBXBuildFile; fileRef = E3821B811CF4B3780054117E /* AppDelegate.swift */; };
		E3821B871CF4B3780054117E /* Main.storyboard in Resources */ = {isa = PBXBuildFile; fileRef = E3821B851CF4B3780054117E /* Main.storyboard */; };
		E3821B891CF4B3780054117E /* Assets.xcassets in Resources */ = {isa = PBXBuildFile; fileRef = E3821B881CF4B3780054117E /* Assets.xcassets */; };
		E3821B8C1CF4B3780054117E /* LaunchScreen.storyboard in Resources */ = {isa = PBXBuildFile; fileRef = E3821B8A1CF4B3780054117E /* LaunchScreen.storyboard */; };
		E3821B941CF4B3D20054117E /* DiceViewController.swift in Sources */ = {isa = PBXBuildFile; fileRef = E3821B931CF4B3D20054117E /* DiceViewController.swift */; };
		E3821B961CF4B4270054117E /* Die.swift in Sources */ = {isa = PBXBuildFile; fileRef = E3821B951CF4B4270054117E /* Die.swift */; };
		E3821B981CF4B4350054117E /* Bag.swift in Sources */ = {isa = PBXBuildFile; fileRef = E3821B971CF4B4350054117E /* Bag.swift */; };
		E3821B9A1CF4D2E40054117E /* HeaderView.swift in Sources */ = {isa = PBXBuildFile; fileRef = E3821B991CF4D2E40054117E /* HeaderView.swift */; };
		E3821B9C1CF4DBD20054117E /* Layout.swift in Sources */ = {isa = PBXBuildFile; fileRef = E3821B9B1CF4DBD20054117E /* Layout.swift */; };
/* End PBXBuildFile section */

/* Begin PBXFileReference section */
		E3821B7E1CF4B3780054117E /* Dice.app */ = {isa = PBXFileReference; explicitFileType = wrapper.application; includeInIndex = 0; path = Dice.app; sourceTree = BUILT_PRODUCTS_DIR; };
		E3821B811CF4B3780054117E /* AppDelegate.swift */ = {isa = PBXFileReference; lastKnownFileType = sourcecode.swift; path = AppDelegate.swift; sourceTree = "<group>"; };
		E3821B861CF4B3780054117E /* Base */ = {isa = PBXFileReference; lastKnownFileType = file.storyboard; name = Base; path = Base.lproj/Main.storyboard; sourceTree = "<group>"; };
		E3821B881CF4B3780054117E /* Assets.xcassets */ = {isa = PBXFileReference; lastKnownFileType = folder.assetcatalog; path = Assets.xcassets; sourceTree = "<group>"; };
		E3821B8B1CF4B3780054117E /* Base */ = {isa = PBXFileReference; lastKnownFileType = file.storyboard; name = Base; path = Base.lproj/LaunchScreen.storyboard; sourceTree = "<group>"; };
		E3821B8D1CF4B3780054117E /* Info.plist */ = {isa = PBXFileReference; lastKnownFileType = text.plist.xml; path = Info.plist; sourceTree = "<group>"; };
		E3821B931CF4B3D20054117E /* DiceViewController.swift */ = {isa = PBXFileReference; fileEncoding = 4; lastKnownFileType = sourcecode.swift; path = DiceViewController.swift; sourceTree = "<group>"; };
		E3821B951CF4B4270054117E /* Die.swift */ = {isa = PBXFileReference; fileEncoding = 4; lastKnownFileType = sourcecode.swift; path = Die.swift; sourceTree = "<group>"; };
		E3821B971CF4B4350054117E /* Bag.swift */ = {isa = PBXFileReference; fileEncoding = 4; lastKnownFileType = sourcecode.swift; path = Bag.swift; sourceTree = "<group>"; };
		E3821B991CF4D2E40054117E /* HeaderView.swift */ = {isa = PBXFileReference; fileEncoding = 4; lastKnownFileType = sourcecode.swift; path = HeaderView.swift; sourceTree = "<group>"; };
		E3821B9B1CF4DBD20054117E /* Layout.swift */ = {isa = PBXFileReference; fileEncoding = 4; lastKnownFileType = sourcecode.swift; path = Layout.swift; sourceTree = "<group>"; };
/* End PBXFileReference section */

/* Begin PBXFrameworksBuildPhase section */
		E3821B7B1CF4B3780054117E /* Frameworks */ = {
			isa = PBXFrameworksBuildPhase;
			buildActionMask = 2147483647;
			files = (
			);
			runOnlyForDeploymentPostprocessing = 0;
		};
/* End PBXFrameworksBuildPhase section */

/* Begin PBXGroup section */
		E3821B751CF4B3780054117E = {
			isa = PBXGroup;
			children = (
				E3821B801CF4B3780054117E /* Dice */,
				E3821B7F1CF4B3780054117E /* Products */,
			);
			sourceTree = "<group>";
		};
		E3821B7F1CF4B3780054117E /* Products */ = {
			isa = PBXGroup;
			children = (
				E3821B7E1CF4B3780054117E /* Dice.app */,
			);
			name = Products;
			sourceTree = "<group>";
		};
		E3821B801CF4B3780054117E /* Dice */ = {
			isa = PBXGroup;
			children = (
				E3821B811CF4B3780054117E /* AppDelegate.swift */,
				E3821B971CF4B4350054117E /* Bag.swift */,
				E3821B951CF4B4270054117E /* Die.swift */,
				E3821B991CF4D2E40054117E /* HeaderView.swift */,
				E3821B931CF4B3D20054117E /* DiceViewController.swift */,
				E3821B9B1CF4DBD20054117E /* Layout.swift */,
				E3821B851CF4B3780054117E /* Main.storyboard */,
				E3821B881CF4B3780054117E /* Assets.xcassets */,
				E3821B8A1CF4B3780054117E /* LaunchScreen.storyboard */,
				E3821B8D1CF4B3780054117E /* Info.plist */,
			);
			path = Dice;
			sourceTree = "<group>";
		};
/* End PBXGroup section */

/* Begin PBXNativeTarget section */
		E3821B7D1CF4B3780054117E /* Dice */ = {
			isa = PBXNativeTarget;
			buildConfigurationList = E3821B901CF4B3780054117E /* Build configuration list for PBXNativeTarget "Dice" */;
			buildPhases = (
				E3821B7A1CF4B3780054117E /* Sources */,
				E3821B7B1CF4B3780054117E /* Frameworks */,
				E3821B7C1CF4B3780054117E /* Resources */,
			);
			buildRules = (
			);
			dependencies = (
			);
			name = Dice;
			productName = Dice;
			productReference = E3821B7E1CF4B3780054117E /* Dice.app */;
			productType = "com.apple.product-type.application";
		};
/* End PBXNativeTarget section */

/* Begin PBXProject section */
		E3821B761CF4B3780054117E /* Project object */ = {
			isa = PBXProject;
			attributes = {
				LastSwiftUpdateCheck = 0730;
				LastUpgradeCheck = 0730;
				ORGANIZATIONNAME = "Tom Williamson";
				TargetAttributes = {
					E3821B7D1CF4B3780054117E = {
						CreatedOnToolsVersion = 7.3.1;
					};
				};
			};
			buildConfigurationList = E3821B791CF4B3780054117E /* Build configuration list for PBXProject "Dice" */;
			compatibilityVersion = "Xcode 3.2";
			developmentRegion = English;
			hasScannedForEncodings = 0;
			knownRegions = (
				en,
				Base,
			);
			mainGroup = E3821B751CF4B3780054117E;
			productRefGroup = E3821B7F1CF4B3780054117E /* Products */;
			projectDirPath = "";
			projectRoot = "";
			targets = (
				E3821B7D1CF4B3780054117E /* Dice */,
			);
		};
/* End PBXProject section */

/* Begin PBXResourcesBuildPhase section */
		E3821B7C1CF4B3780054117E /* Resources */ = {
			isa = PBXResourcesBuildPhase;
			buildActionMask = 2147483647;
			files = (
				E3821B8C1CF4B3780054117E /* LaunchScreen.storyboard in Resources */,
				E3821B891CF4B3780054117E /* Assets.xcassets in Resources */,
				E3821B871CF4B3780054117E /* Main.storyboard in Resources */,
			);
			runOnlyForDeploymentPostprocessing = 0;
		};
/* End PBXResourcesBuildPhase section */

/* Begin PBXSourcesBuildPhase section */
		E3821B7A1CF4B3780054117E /* Sources */ = {
			isa = PBXSourcesBuildPhase;
			buildActionMask = 2147483647;
			files = (
				E3821B9A1CF4D2E40054117E /* HeaderView.swift in Sources */,
				E3821B981CF4B4350054117E /* Bag.swift in Sources */,
				E3821B941CF4B3D20054117E /* DiceViewController.swift in Sources */,
				E3821B961CF4B4270054117E /* Die.swift in Sources */,
				E3821B821CF4B3780054117E /* AppDelegate.swift in Sources */,
				E3821B9C1CF4DBD20054117E /* Layout.swift in Sources */,
			);
			runOnlyForDeploymentPostprocessing = 0;
		};
/* End PBXSourcesBuildPhase section */

/* Begin PBXVariantGroup section */
		E3821B851CF4B3780054117E /* Main.storyboard */ = {
			isa = PBXVariantGroup;
			children = (
				E3821B861CF4B3780054117E /* Base */,
			);
			name = Main.storyboard;
			sourceTree = "<group>";
		};
		E3821B8A1CF4B3780054117E /* LaunchScreen.storyboard */ = {
			isa = PBXVariantGroup;
			children = (
				E3821B8B1CF4B3780054117E /* Base */,
			);
			name = LaunchScreen.storyboard;
			sourceTree = "<group>";
		};
/* End PBXVariantGroup section */

/* Begin XCBuildConfiguration section */
		E3821B8E1CF4B3780054117E /* Debug */ = {
			isa = XCBuildConfiguration;
			buildSettings = {
				ALWAYS_SEARCH_USER_PATHS = NO;
				CLANG_ANALYZER_NONNULL = YES;
				CLANG_CXX_LANGUAGE_STANDARD = "gnu++0x";
				CLANG_CXX_LIBRARY = "libc++";
				CLANG_ENABLE_MODULES = YES;
				CLANG_ENABLE_OBJC_ARC = YES;
				CLANG_WARN_BOOL_CONVERSION = YES;
				CLANG_WARN_CONSTANT_CONVERSION = YES;
				CLANG_WARN_DIRECT_OBJC_ISA_USAGE = YES_ERROR;
				CLANG_WARN_EMPTY_BODY = YES;
				CLANG_WARN_ENUM_CONVERSION = YES;
				CLANG_WARN_INT_CONVERSION = YES;
				CLANG_WARN_OBJC_ROOT_CLASS = YES_ERROR;
				CLANG_WARN_UNREACHABLE_CODE = YES;
				CLANG_WARN__DUPLICATE_METHOD_MATCH = YES;
				"CODE_SIGN_IDENTITY[sdk=iphoneos*]" = "iPhone Developer";
				COPY_PHASE_STRIP = NO;
				DEBUG_INFORMATION_FORMAT = dwarf;
				ENABLE_STRICT_OBJC_MSGSEND = YES;
				ENABLE_TESTABILITY = YES;
				GCC_C_LANGUAGE_STANDARD = gnu99;
				GCC_DYNAMIC_NO_PIC = NO;
				GCC_NO_COMMON_BLOCKS = YES;
				GCC_OPTIMIZATION_LEVEL = 0;
				GCC_PREPROCESSOR_DEFINITIONS = (
					"DEBUG=1",
					"$(inherited)",
				);
				GCC_WARN_64_TO_32_BIT_CONVERSION = YES;
				GCC_WARN_ABOUT_RETURN_TYPE = YES_ERROR;
				GCC_WARN_UNDECLARED_SELECTOR = YES;
				GCC_WARN_UNINITIALIZED_AUTOS = YES_AGGRESSIVE;
				GCC_WARN_UNUSED_FUNCTION = YES;
				GCC_WARN_UNUSED_VARIABLE = YES;
				IPHONEOS_DEPLOYMENT_TARGET = 9.3;
				MTL_ENABLE_DEBUG_INFO = YES;
				ONLY_ACTIVE_ARCH = YES;
				SDKROOT = iphoneos;
				SWIFT_OPTIMIZATION_LEVEL = "-Onone";
				TARGETED_DEVICE_FAMILY = "1,2";
			};
			name = Debug;
		};
		E3821B8F1CF4B3780054117E /* Release */ = {
			isa = XCBuildConfiguration;
			buildSettings = {
				ALWAYS_SEARCH_USER_PATHS = NO;
				CLANG_ANALYZER_NONNULL = YES;
				CLANG_CXX_LANGUAGE_STANDARD = "gnu++0x";
				CLANG_CXX_LIBRARY = "libc++";
				CLANG_ENABLE_MODULES = YES;
				CLANG_ENABLE_OBJC_ARC = YES;
				CLANG_WARN_BOOL_CONVERSION = YES;
				CLANG_WARN_CONSTANT_CONVERSION = YES;
				CLANG_WARN_DIRECT_OBJC_ISA_USAGE = YES_ERROR;
				CLANG_WARN_EMPTY_BODY = YES;
				CLANG_WARN_ENUM_CONVERSION = YES;
				CLANG_WARN_INT_CONVERSION = YES;
				CLANG_WARN_OBJC_ROOT_CLASS = YES_ERROR;
				CLANG_WARN_UNREACHABLE_CODE = YES;
				CLANG_WARN__DUPLICATE_METHOD_MATCH = YES;
				"CODE_SIGN_IDENTITY[sdk=iphoneos*]" = "iPhone Developer";
				COPY_PHASE_STRIP = NO;
				DEBUG_INFORMATION_FORMAT = "dwarf-with-dsym";
				ENABLE_NS_ASSERTIONS = NO;
				ENABLE_STRICT_OBJC_MSGSEND = YES;
				GCC_C_LANGUAGE_STANDARD = gnu99;
				GCC_NO_COMMON_BLOCKS = YES;
				GCC_WARN_64_TO_32_BIT_CONVERSION = YES;
				GCC_WARN_ABOUT_RETURN_TYPE = YES_ERROR;
				GCC_WARN_UNDECLARED_SELECTOR = YES;
				GCC_WARN_UNINITIALIZED_AUTOS = YES_AGGRESSIVE;
				GCC_WARN_UNUSED_FUNCTION = YES;
				GCC_WARN_UNUSED_VARIABLE = YES;
				IPHONEOS_DEPLOYMENT_TARGET = 9.3;
				MTL_ENABLE_DEBUG_INFO = NO;
				SDKROOT = iphoneos;
				TARGETED_DEVICE_FAMILY = "1,2";
				VALIDATE_PRODUCT = YES;
			};
			name = Release;
		};
		E3821B911CF4B3780054117E /* Debug */ = {
			isa = XCBuildConfiguration;
			buildSettings = {
				ASSETCATALOG_COMPILER_APPICON_NAME = AppIcon;
				INFOPLIST_FILE = Dice/Info.plist;
				LD_RUNPATH_SEARCH_PATHS = "$(inherited) @executable_path/Frameworks";
				PRODUCT_BUNDLE_IDENTIFIER = com.dtssoftware.Dice;
				PRODUCT_NAME = "$(TARGET_NAME)";
			};
			name = Debug;
		};
		E3821B921CF4B3780054117E /* Release */ = {
			isa = XCBuildConfiguration;
			buildSettings = {
				ASSETCATALOG_COMPILER_APPICON_NAME = AppIcon;
				INFOPLIST_FILE = Dice/Info.plist;
				LD_RUNPATH_SEARCH_PATHS = "$(inherited) @executable_path/Frameworks";
				PRODUCT_BUNDLE_IDENTIFIER = com.dtssoftware.Dice;
				PRODUCT_NAME = "$(TARGET_NAME)";
			};
			name = Release;
		};
/* End XCBuildConfiguration section */

/* Begin XCConfigurationList section */
		E3821B791CF4B3780054117E /* Build configuration list for PBXProject "Dice" */ = {
			isa = XCConfigurationList;
			buildConfigurations = (
				E3821B8E1CF4B3780054117E /* Debug */,
				E3821B8F1CF4B3780054117E /* Release */,
			);
			defaultConfigurationIsVisible = 0;
			defaultConfigurationName = Release;
		};
		E3821B901CF4B3780054117E /* Build configuration list for PBXNativeTarget "Dice" */ = {
			isa = XCConfigurationList;
			buildConfigurations = (
				E3821B911CF4B3780054117E /* Debug */,
				E3821B921CF4B3780054117E /* Release */,
			);
			defaultConfigurationIsVisible = 0;
		};
/* End XCConfigurationList section */
	};
	rootObject = E3821B761CF4B3780054117E /* Project object */;
}
